
Microsoft Visual Studio Solution File, Format Version 12.00
# Visual Studio 2015
Project("{FAE04EC0-301F-11D3-BF4B-00C04F79EFBC}") = "Geyer_FinalWorld.CSharp", "Geyer_FinalWorld.CSharp.csproj", "{9065A16C-316D-8C31-9543-FA0316237419}"
EndProject
Global
	GlobalSection(SolutionConfigurationPlatforms) = preSolution
		Debug|Any CPU = Debug|Any CPU
		Release|Any CPU = Release|Any CPU
	EndGlobalSection
	GlobalSection(ProjectConfigurationPlatforms) = postSolution
		{9065A16C-316D-8C31-9543-FA0316237419}.Debug|Any CPU.ActiveCfg = Debug|Any CPU
		{9065A16C-316D-8C31-9543-FA0316237419}.Debug|Any CPU.Build.0 = Debug|Any CPU
		{9065A16C-316D-8C31-9543-FA0316237419}.Release|Any CPU.ActiveCfg = Release|Any CPU
		{9065A16C-316D-8C31-9543-FA0316237419}.Release|Any CPU.Build.0 = Release|Any CPU
	EndGlobalSection
	GlobalSection(SolutionProperties) = preSolution
		HideSolutionNode = FALSE
	EndGlobalSection
EndGlobal
